
Microsoft Visual Studio Solution File, Format Version 12.00
# Visual Studio Version 17
VisualStudioVersion = 17.7.34003.232
MinimumVisualStudioVersion = 10.0.40219.1
Project("{FAE04EC0-301F-11D3-BF4B-00C04F79EFBC}") = "Practica2", "Practica2\Practica2.csproj", "{B2127E19-19A6-46FE-AB73-3C603AF1CBA5}"
EndProject
Global
	GlobalSection(SolutionConfigurationPlatforms) = preSolution
		Debug|Any CPU = Debug|Any CPU
		Release|Any CPU = Release|Any CPU
	EndGlobalSection
	GlobalSection(ProjectConfigurationPlatforms) = postSolution
		{B2127E19-19A6-46FE-AB73-3C603AF1CBA5}.Debug|Any CPU.ActiveCfg = Debug|Any CPU
		{B2127E19-19A6-46FE-AB73-3C603AF1CBA5}.Debug|Any CPU.Build.0 = Debug|Any CPU
		{B2127E19-19A6-46FE-AB73-3C603AF1CBA5}.Release|Any CPU.ActiveCfg = Release|Any CPU
		{B2127E19-19A6-46FE-AB73-3C603AF1CBA5}.Release|Any CPU.Build.0 = Release|Any CPU
	EndGlobalSection
	GlobalSection(SolutionProperties) = preSolution
		HideSolutionNode = FALSE
	EndGlobalSection
	GlobalSection(ExtensibilityGlobals) = postSolution
		SolutionGuid = {FD0F440F-3B42-491F-B3F2-C178A2E59B53}
	EndGlobalSection
EndGlobal
